
Microsoft Visual Studio Solution File, Format Version 12.00
# Visual Studio 15
VisualStudioVersion = 15.0.28307.1209
MinimumVisualStudioVersion = 10.0.40219.1
Project("{FAE04EC0-301F-11D3-BF4B-00C04F79EFBC}") = "TesteChart1", "TesteChart1\TesteChart1.csproj", "{5869CEF5-9E6F-4C7C-A888-F376A44EE3FA}"
EndProject
Global
	GlobalSection(SolutionConfigurationPlatforms) = preSolution
		Debug|Any CPU = Debug|Any CPU
		Release|Any CPU = Release|Any CPU
	EndGlobalSection
	GlobalSection(ProjectConfigurationPlatforms) = postSolution
		{5869CEF5-9E6F-4C7C-A888-F376A44EE3FA}.Debug|Any CPU.ActiveCfg = Debug|Any CPU
		{5869CEF5-9E6F-4C7C-A888-F376A44EE3FA}.Debug|Any CPU.Build.0 = Debug|Any CPU
		{5869CEF5-9E6F-4C7C-A888-F376A44EE3FA}.Release|Any CPU.ActiveCfg = Release|Any CPU
		{5869CEF5-9E6F-4C7C-A888-F376A44EE3FA}.Release|Any CPU.Build.0 = Release|Any CPU
	EndGlobalSection
	GlobalSection(SolutionProperties) = preSolution
		HideSolutionNode = FALSE
	EndGlobalSection
	GlobalSection(ExtensibilityGlobals) = postSolution
		SolutionGuid = {9729CD5F-8ACB-47E1-AC51-FB2C6D1270F6}
	EndGlobalSection
EndGlobal
